
Microsoft Visual Studio Solution File, Format Version 12.00
# Visual Studio 2013
VisualStudioVersion = 12.0.21005.1
MinimumVisualStudioVersion = 10.0.40219.1
Project("{FAE04EC0-301F-11D3-BF4B-00C04F79EFBC}") = "AuctionLand.Web", "AuctionLand.Web\AuctionLand.Web.csproj", "{2835FDBA-96BA-4D5C-850D-A909BB12F4E3}"
EndProject
Project("{FAE04EC0-301F-11D3-BF4B-00C04F79EFBC}") = "AuctionLand.Data", "AuctionLand.Data\AuctionLand.Data.csproj", "{77AAE640-04C7-4F36-A9CB-FBA0ECA0B701}"
EndProject
Project("{FAE04EC0-301F-11D3-BF4B-00C04F79EFBC}") = "AuctionLand.Service", "AuctionLand.Service\AuctionLand.Service.csproj", "{F3DDA8FF-3A21-48A3-A5DD-83A1F93BC4EB}"
EndProject
Global
	GlobalSection(SolutionConfigurationPlatforms) = preSolution
		Debug|Any CPU = Debug|Any CPU
		Release|Any CPU = Release|Any CPU
	EndGlobalSection
	GlobalSection(ProjectConfigurationPlatforms) = postSolution
		{2835FDBA-96BA-4D5C-850D-A909BB12F4E3}.Debug|Any CPU.ActiveCfg = Debug|Any CPU
		{2835FDBA-96BA-4D5C-850D-A909BB12F4E3}.Debug|Any CPU.Build.0 = Debug|Any CPU
		{2835FDBA-96BA-4D5C-850D-A909BB12F4E3}.Release|Any CPU.ActiveCfg = Release|Any CPU
		{2835FDBA-96BA-4D5C-850D-A909BB12F4E3}.Release|Any CPU.Build.0 = Release|Any CPU
		{77AAE640-04C7-4F36-A9CB-FBA0ECA0B701}.Debug|Any CPU.ActiveCfg = Debug|Any CPU
		{77AAE640-04C7-4F36-A9CB-FBA0ECA0B701}.Debug|Any CPU.Build.0 = Debug|Any CPU
		{77AAE640-04C7-4F36-A9CB-FBA0ECA0B701}.Release|Any CPU.ActiveCfg = Release|Any CPU
		{77AAE640-04C7-4F36-A9CB-FBA0ECA0B701}.Release|Any CPU.Build.0 = Release|Any CPU
		{F3DDA8FF-3A21-48A3-A5DD-83A1F93BC4EB}.Debug|Any CPU.ActiveCfg = Debug|Any CPU
		{F3DDA8FF-3A21-48A3-A5DD-83A1F93BC4EB}.Debug|Any CPU.Build.0 = Debug|Any CPU
		{F3DDA8FF-3A21-48A3-A5DD-83A1F93BC4EB}.Release|Any CPU.ActiveCfg = Release|Any CPU
		{F3DDA8FF-3A21-48A3-A5DD-83A1F93BC4EB}.Release|Any CPU.Build.0 = Release|Any CPU
	EndGlobalSection
	GlobalSection(SolutionProperties) = preSolution
		HideSolutionNode = FALSE
	EndGlobalSection
EndGlobal
